// !$*UTF8*$!
{
	archiveVersion = 1;
	classes = {
	};
	objectVersion = 77;
	objects = {

/* Begin PBXContainerItemProxy section */
		811406702CE1A6FD00AC1F5C /* PBXContainerItemProxy */ = {
			isa = PBXContainerItemProxy;
			containerPortal = 811406572CE1A6FB00AC1F5C /* Project object */;
			proxyType = 1;
			remoteGlobalIDString = 8114065E2CE1A6FB00AC1F5C;
			remoteInfo = VoiceMemo;
		};
		8114067A2CE1A6FD00AC1F5C /* PBXContainerItemProxy */ = {
			isa = PBXContainerItemProxy;
			containerPortal = 811406572CE1A6FB00AC1F5C /* Project object */;
			proxyType = 1;
			remoteGlobalIDString = 8114065E2CE1A6FB00AC1F5C;
			remoteInfo = VoiceMemo;
		};
/* End PBXContainerItemProxy section */

/* Begin PBXFileReference section */
		8114065F2CE1A6FB00AC1F5C /* VoiceMemo.app */ = {isa = PBXFileReference; explicitFileType = wrapper.application; includeInIndex = 0; path = VoiceMemo.app; sourceTree = BUILT_PRODUCTS_DIR; };
		8114066F2CE1A6FD00AC1F5C /* VoiceMemoTests.xctest */ = {isa = PBXFileReference; explicitFileType = wrapper.cfbundle; includeInIndex = 0; path = VoiceMemoTests.xctest; sourceTree = BUILT_PRODUCTS_DIR; };
		811406792CE1A6FD00AC1F5C /* VoiceMemoUITests.xctest */ = {isa = PBXFileReference; explicitFileType = wrapper.cfbundle; includeInIndex = 0; path = VoiceMemoUITests.xctest; sourceTree = BUILT_PRODUCTS_DIR; };
/* End PBXFileReference section */

/* Begin PBXFileSystemSynchronizedBuildFileExceptionSet section */
		818936AC2CE1BCD400F5555A /* Exceptions for "VoiceMemo" folder in "VoiceMemo" target */ = {
			isa = PBXFileSystemSynchronizedBuildFileExceptionSet;
			membershipExceptions = (
				Info.plist,
			);
			target = 8114065E2CE1A6FB00AC1F5C /* VoiceMemo */;
		};
/* End PBXFileSystemSynchronizedBuildFileExceptionSet section */

/* Begin PBXFileSystemSynchronizedRootGroup section */
		811406612CE1A6FB00AC1F5C /* VoiceMemo */ = {
			isa = PBXFileSystemSynchronizedRootGroup;
			exceptions = (
				818936AC2CE1BCD400F5555A /* Exceptions for "VoiceMemo" folder in "VoiceMemo" target */,
			);
			path = VoiceMemo;
			sourceTree = "<group>";
		};
		811406722CE1A6FD00AC1F5C /* VoiceMemoTests */ = {
			isa = PBXFileSystemSynchronizedRootGroup;
			path = VoiceMemoTests;
			sourceTree = "<group>";
		};
		8114067C2CE1A6FD00AC1F5C /* VoiceMemoUITests */ = {
			isa = PBXFileSystemSynchronizedRootGroup;
			path = VoiceMemoUITests;
			sourceTree = "<group>";
		};
/* End PBXFileSystemSynchronizedRootGroup section */

/* Begin PBXFrameworksBuildPhase section */
		8114065C2CE1A6FB00AC1F5C /* Frameworks */ = {
			isa = PBXFrameworksBuildPhase;
			buildActionMask = 2147483647;
			files = (
			);
			runOnlyForDeploymentPostprocessing = 0;
		};
		8114066C2CE1A6FD00AC1F5C /* Frameworks */ = {
			isa = PBXFrameworksBuildPhase;
			buildActionMask = 2147483647;
			files = (
			);
			runOnlyForDeploymentPostprocessing = 0;
		};
		811406762CE1A6FD00AC1F5C /* Frameworks */ = {
			isa = PBXFrameworksBuildPhase;
			buildActionMask = 2147483647;
			files = (
			);
			runOnlyForDeploymentPostprocessing = 0;
		};
/* End PBXFrameworksBuildPhase section */

/* Begin PBXGroup section */
		811406562CE1A6FB00AC1F5C = {
			isa = PBXGroup;
			children = (
				811406612CE1A6FB00AC1F5C /* VoiceMemo */,
				811406722CE1A6FD00AC1F5C /* VoiceMemoTests */,
				8114067C2CE1A6FD00AC1F5C /* VoiceMemoUITests */,
				811406602CE1A6FB00AC1F5C /* Products */,
			);
			sourceTree = "<group>";
		};
		811406602CE1A6FB00AC1F5C /* Products */ = {
			isa = PBXGroup;
			children = (
				8114065F2CE1A6FB00AC1F5C /* VoiceMemo.app */,
				8114066F2CE1A6FD00AC1F5C /* VoiceMemoTests.xctest */,
				811406792CE1A6FD00AC1F5C /* VoiceMemoUITests.xctest */,
			);
			name = Products;
			sourceTree = "<group>";
		};
/* End PBXGroup section */

/* Begin PBXNativeTarget section */
		8114065E2CE1A6FB00AC1F5C /* VoiceMemo */ = {
			isa = PBXNativeTarget;
			buildConfigurationList = 811406832CE1A6FD00AC1F5C /* Build configuration list for PBXNativeTarget "VoiceMemo" */;
			buildPhases = (
				8114065B2CE1A6FB00AC1F5C /* Sources */,
				8114065C2CE1A6FB00AC1F5C /* Frameworks */,
				8114065D2CE1A6FB00AC1F5C /* Resources */,
			);
			buildRules = (
			);
			dependencies = (
			);
			fileSystemSynchronizedGroups = (
				811406612CE1A6FB00AC1F5C /* VoiceMemo */,
			);
			name = VoiceMemo;
			packageProductDependencies = (
			);
			productName = VoiceMemo;
			productReference = 8114065F2CE1A6FB00AC1F5C /* VoiceMemo.app */;
			productType = "com.apple.product-type.application";
		};
		8114066E2CE1A6FD00AC1F5C /* VoiceMemoTests */ = {
			isa = PBXNativeTarget;
			buildConfigurationList = 811406862CE1A6FD00AC1F5C /* Build configuration list for PBXNativeTarget "VoiceMemoTests" */;
			buildPhases = (
				8114066B2CE1A6FD00AC1F5C /* Sources */,
				8114066C2CE1A6FD00AC1F5C /* Frameworks */,
				8114066D2CE1A6FD00AC1F5C /* Resources */,
			);
			buildRules = (
			);
			dependencies = (
				811406712CE1A6FD00AC1F5C /* PBXTargetDependency */,
			);
			fileSystemSynchronizedGroups = (
				811406722CE1A6FD00AC1F5C /* VoiceMemoTests */,
			);
			name = VoiceMemoTests;
			packageProductDependencies = (
			);
			productName = VoiceMemoTests;
			productReference = 8114066F2CE1A6FD00AC1F5C /* VoiceMemoTests.xctest */;
			productType = "com.apple.product-type.bundle.unit-test";
		};
		811406782CE1A6FD00AC1F5C /* VoiceMemoUITests */ = {
			isa = PBXNativeTarget;
			buildConfigurationList = 811406892CE1A6FD00AC1F5C /* Build configuration list for PBXNativeTarget "VoiceMemoUITests" */;
			buildPhases = (
				811406752CE1A6FD00AC1F5C /* Sources */,
				811406762CE1A6FD00AC1F5C /* Frameworks */,
				811406772CE1A6FD00AC1F5C /* Resources */,
			);
			buildRules = (
			);
			dependencies = (
				8114067B2CE1A6FD00AC1F5C /* PBXTargetDependency */,
			);
			fileSystemSynchronizedGroups = (
				8114067C2CE1A6FD00AC1F5C /* VoiceMemoUITests */,
			);
			name = VoiceMemoUITests;
			packageProductDependencies = (
			);
			productName = VoiceMemoUITests;
			productReference = 811406792CE1A6FD00AC1F5C /* VoiceMemoUITests.xctest */;
			productType = "com.apple.product-type.bundle.ui-testing";
		};
/* End PBXNativeTarget section */

/* Begin PBXProject section */
		811406572CE1A6FB00AC1F5C /* Project object */ = {
			isa = PBXProject;
			attributes = {
				BuildIndependentTargetsInParallel = 1;
				LastSwiftUpdateCheck = 1610;
				LastUpgradeCheck = 1610;
				TargetAttributes = {
					8114065E2CE1A6FB00AC1F5C = {
						CreatedOnToolsVersion = 16.1;
					};
					8114066E2CE1A6FD00AC1F5C = {
						CreatedOnToolsVersion = 16.1;
						TestTargetID = 8114065E2CE1A6FB00AC1F5C;
					};
					811406782CE1A6FD00AC1F5C = {
						CreatedOnToolsVersion = 16.1;
						TestTargetID = 8114065E2CE1A6FB00AC1F5C;
					};
				};
			};
			buildConfigurationList = 8114065A2CE1A6FB00AC1F5C /* Build configuration list for PBXProject "VoiceMemo" */;
			developmentRegion = en;
			hasScannedForEncodings = 0;
			knownRegions = (
				en,
				Base,
			);
			mainGroup = 811406562CE1A6FB00AC1F5C;
			minimizedProjectReferenceProxies = 1;
			preferredProjectObjectVersion = 77;
			productRefGroup = 811406602CE1A6FB00AC1F5C /* Products */;
			projectDirPath = "";
			projectRoot = "";
			targets = (
				8114065E2CE1A6FB00AC1F5C /* VoiceMemo */,
				8114066E2CE1A6FD00AC1F5C /* VoiceMemoTests */,
				811406782CE1A6FD00AC1F5C /* VoiceMemoUITests */,
			);
		};
/* End PBXProject section */

/* Begin PBXResourcesBuildPhase section */
		8114065D2CE1A6FB00AC1F5C /* Resources */ = {
			isa = PBXResourcesBuildPhase;
			buildActionMask = 2147483647;
			files = (
			);
			runOnlyForDeploymentPostprocessing = 0;
		};
		8114066D2CE1A6FD00AC1F5C /* Resources */ = {
			isa = PBXResourcesBuildPhase;
			buildActionMask = 2147483647;
			files = (
			);
			runOnlyForDeploymentPostprocessing = 0;
		};
		811406772CE1A6FD00AC1F5C /* Resources */ = {
			isa = PBXResourcesBuildPhase;
			buildActionMask = 2147483647;
			files = (
			);
			runOnlyForDeploymentPostprocessing = 0;
		};
/* End PBXResourcesBuildPhase section */

/* Begin PBXSourcesBuildPhase section */
		8114065B2CE1A6FB00AC1F5C /* Sources */ = {
			isa = PBXSourcesBuildPhase;
			buildActionMask = 2147483647;
			files = (
			);
			runOnlyForDeploymentPostprocessing = 0;
		};
		8114066B2CE1A6FD00AC1F5C /* Sources */ = {
			isa = PBXSourcesBuildPhase;
			buildActionMask = 2147483647;
			files = (
			);
			runOnlyForDeploymentPostprocessing = 0;
		};
		811406752CE1A6FD00AC1F5C /* Sources */ = {
			isa = PBXSourcesBuildPhase;
			buildActionMask = 2147483647;
			files = (
			);
			runOnlyForDeploymentPostprocessing = 0;
		};
/* End PBXSourcesBuildPhase section */

/* Begin PBXTargetDependency section */
		811406712CE1A6FD00AC1F5C /* PBXTargetDependency */ = {
			isa = PBXTargetDependency;
			target = 8114065E2CE1A6FB00AC1F5C /* VoiceMemo */;
			targetProxy = 811406702CE1A6FD00AC1F5C /* PBXContainerItemProxy */;
		};
		8114067B2CE1A6FD00AC1F5C /* PBXTargetDependency */ = {
			isa = PBXTargetDependency;
			target = 8114065E2CE1A6FB00AC1F5C /* VoiceMemo */;
			targetProxy = 8114067A2CE1A6FD00AC1F5C /* PBXContainerItemProxy */;
		};
/* End PBXTargetDependency section */

/* Begin XCBuildConfiguration section */
		811406812CE1A6FD00AC1F5C /* Debug */ = {
			isa = XCBuildConfiguration;
			buildSettings = {
				ALWAYS_SEARCH_USER_PATHS = NO;
				ASSETCATALOG_COMPILER_GENERATE_SWIFT_ASSET_SYMBOL_EXTENSIONS = YES;
				CLANG_ANALYZER_NONNULL = YES;
				CLANG_ANALYZER_NUMBER_OBJECT_CONVERSION = YES_AGGRESSIVE;
				CLANG_CXX_LANGUAGE_STANDARD = "gnu++20";
				CLANG_ENABLE_MODULES = YES;
				CLANG_ENABLE_OBJC_ARC = YES;
				CLANG_ENABLE_OBJC_WEAK = YES;
				CLANG_WARN_BLOCK_CAPTURE_AUTORELEASING = YES;
				CLANG_WARN_BOOL_CONVERSION = YES;
				CLANG_WARN_COMMA = YES;
				CLANG_WARN_CONSTANT_CONVERSION = YES;
				CLANG_WARN_DEPRECATED_OBJC_IMPLEMENTATIONS = YES;
				CLANG_WARN_DIRECT_OBJC_ISA_USAGE = YES_ERROR;
				CLANG_WARN_DOCUMENTATION_COMMENTS = YES;
				CLANG_WARN_EMPTY_BODY = YES;
				CLANG_WARN_ENUM_CONVERSION = YES;
				CLANG_WARN_INFINITE_RECURSION = YES;
				CLANG_WARN_INT_CONVERSION = YES;
				CLANG_WARN_NON_LITERAL_NULL_CONVERSION = YES;
				CLANG_WARN_OBJC_IMPLICIT_RETAIN_SELF = YES;
				CLANG_WARN_OBJC_LITERAL_CONVERSION = YES;
				CLANG_WARN_OBJC_ROOT_CLASS = YES_ERROR;
				CLANG_WARN_QUOTED_INCLUDE_IN_FRAMEWORK_HEADER = YES;
				CLANG_WARN_RANGE_LOOP_ANALYSIS = YES;
				CLANG_WARN_STRICT_PROTOTYPES = YES;
				CLANG_WARN_SUSPICIOUS_MOVE = YES;
				CLANG_WARN_UNGUARDED_AVAILABILITY = YES_AGGRESSIVE;
				CLANG_WARN_UNREACHABLE_CODE = YES;
				CLANG_WARN__DUPLICATE_METHOD_MATCH = YES;
				COPY_PHASE_STRIP = NO;
				DEBUG_INFORMATION_FORMAT = dwarf;
				ENABLE_STRICT_OBJC_MSGSEND = YES;
				ENABLE_TESTABILITY = YES;
				ENABLE_USER_SCRIPT_SANDBOXING = YES;
				GCC_C_LANGUAGE_STANDARD = gnu17;
				GCC_DYNAMIC_NO_PIC = NO;
				GCC_NO_COMMON_BLOCKS = YES;
				GCC_OPTIMIZATION_LEVEL = 0;
				GCC_PREPROCESSOR_DEFINITIONS = (
					"DEBUG=1",
					"$(inherited)",
				);
				GCC_WARN_64_TO_32_BIT_CONVERSION = YES;
				GCC_WARN_ABOUT_RETURN_TYPE = YES_ERROR;
				GCC_WARN_UNDECLARED_SELECTOR = YES;
				GCC_WARN_UNINITIALIZED_AUTOS = YES_AGGRESSIVE;
				GCC_WARN_UNUSED_FUNCTION = YES;
				GCC_WARN_UNUSED_VARIABLE = YES;
				IPHONEOS_DEPLOYMENT_TARGET = 18.1;
				LOCALIZATION_PREFERS_STRING_CATALOGS = YES;
				MTL_ENABLE_DEBUG_INFO = INCLUDE_SOURCE;
				MTL_FAST_MATH = YES;
				ONLY_ACTIVE_ARCH = YES;
				SDKROOT = iphoneos;
				SWIFT_ACTIVE_COMPILATION_CONDITIONS = "DEBUG $(inherited)";
				SWIFT_OPTIMIZATION_LEVEL = "-Onone";
			};
			name = Debug;
		};
		811406822CE1A6FD00AC1F5C /* Release */ = {
			isa = XCBuildConfiguration;
			buildSettings = {
				ALWAYS_SEARCH_USER_PATHS = NO;
				ASSETCATALOG_COMPILER_GENERATE_SWIFT_ASSET_SYMBOL_EXTENSIONS = YES;
				CLANG_ANALYZER_NONNULL = YES;
				CLANG_ANALYZER_NUMBER_OBJECT_CONVERSION = YES_AGGRESSIVE;
				CLANG_CXX_LANGUAGE_STANDARD = "gnu++20";
				CLANG_ENABLE_MODULES = YES;
				CLANG_ENABLE_OBJC_ARC = YES;
				CLANG_ENABLE_OBJC_WEAK = YES;
				CLANG_WARN_BLOCK_CAPTURE_AUTORELEASING = YES;
				CLANG_WARN_BOOL_CONVERSION = YES;
				CLANG_WARN_COMMA = YES;
				CLANG_WARN_CONSTANT_CONVERSION = YES;
				CLANG_WARN_DEPRECATED_OBJC_IMPLEMENTATIONS = YES;
				CLANG_WARN_DIRECT_OBJC_ISA_USAGE = YES_ERROR;
				CLANG_WARN_DOCUMENTATION_COMMENTS = YES;
				CLANG_WARN_EMPTY_BODY = YES;
				CLANG_WARN_ENUM_CONVERSION = YES;
				CLANG_WARN_INFINITE_RECURSION = YES;
				CLANG_WARN_INT_CONVERSION = YES;
				CLANG_WARN_NON_LITERAL_NULL_CONVERSION = YES;
				CLANG_WARN_OBJC_IMPLICIT_RETAIN_SELF = YES;
				CLANG_WARN_OBJC_LITERAL_CONVERSION = YES;
				CLANG_WARN_OBJC_ROOT_CLASS = YES_ERROR;
				CLANG_WARN_QUOTED_INCLUDE_IN_FRAMEWORK_HEADER = YES;
				CLANG_WARN_RANGE_LOOP_ANALYSIS = YES;
				CLANG_WARN_STRICT_PROTOTYPES = YES;
				CLANG_WARN_SUSPICIOUS_MOVE = YES;
				CLANG_WARN_UNGUARDED_AVAILABILITY = YES_AGGRESSIVE;
				CLANG_WARN_UNREACHABLE_CODE = YES;
				CLANG_WARN__DUPLICATE_METHOD_MATCH = YES;
				COPY_PHASE_STRIP = NO;
				DEBUG_INFORMATION_FORMAT = "dwarf-with-dsym";
				ENABLE_NS_ASSERTIONS = NO;
				ENABLE_STRICT_OBJC_MSGSEND = YES;
				ENABLE_USER_SCRIPT_SANDBOXING = YES;
				GCC_C_LANGUAGE_STANDARD = gnu17;
				GCC_NO_COMMON_BLOCKS = YES;
				GCC_WARN_64_TO_32_BIT_CONVERSION = YES;
				GCC_WARN_ABOUT_RETURN_TYPE = YES_ERROR;
				GCC_WARN_UNDECLARED_SELECTOR = YES;
				GCC_WARN_UNINITIALIZED_AUTOS = YES_AGGRESSIVE;
				GCC_WARN_UNUSED_FUNCTION = YES;
				GCC_WARN_UNUSED_VARIABLE = YES;
				IPHONEOS_DEPLOYMENT_TARGET = 18.1;
				LOCALIZATION_PREFERS_STRING_CATALOGS = YES;
				MTL_ENABLE_DEBUG_INFO = NO;
				MTL_FAST_MATH = YES;
				SDKROOT = iphoneos;
				SWIFT_COMPILATION_MODE = wholemodule;
				VALIDATE_PRODUCT = YES;
			};
			name = Release;
		};
		811406842CE1A6FD00AC1F5C /* Debug */ = {
			isa = XCBuildConfiguration;
			buildSettings = {
				ASSETCATALOG_COMPILER_APPICON_NAME = AppIcon;
				ASSETCATALOG_COMPILER_GLOBAL_ACCENT_COLOR_NAME = AccentColor;
				CODE_SIGN_STYLE = Automatic;
				CURRENT_PROJECT_VERSION = 1;
				DEVELOPMENT_ASSET_PATHS = "\"VoiceMemo/Preview Content\"";
				DEVELOPMENT_TEAM = R4CCBJCS4M;
				ENABLE_PREVIEWS = YES;
				GENERATE_INFOPLIST_FILE = YES;
				INFOPLIST_KEY_UIApplicationSceneManifest_Generation = YES;
				INFOPLIST_KEY_UIApplicationSupportsIndirectInputEvents = YES;
				INFOPLIST_KEY_UILaunchScreen_Generation = YES;
				INFOPLIST_KEY_UISupportedInterfaceOrientations_iPad = "UIInterfaceOrientationPortrait UIInterfaceOrientationPortraitUpsideDown UIInterfaceOrientationLandscapeLeft UIInterfaceOrientationLandscapeRight";
				INFOPLIST_KEY_UISupportedInterfaceOrientations_iPhone = "UIInterfaceOrientationPortrait UIInterfaceOrientationLandscapeLeft UIInterfaceOrientationLandscapeRight";
				LD_RUNPATH_SEARCH_PATHS = (
					"$(inherited)",
					"@executable_path/Frameworks",
				);
				MARKETING_VERSION = 1.0;
				PRODUCT_BUNDLE_IDENTIFIER = com.betteriphone.VoiceMemo;
				PRODUCT_NAME = "$(TARGET_NAME)";
				SWIFT_EMIT_LOC_STRINGS = YES;
				SWIFT_VERSION = 5.0;
				TARGETED_DEVICE_FAMILY = "1,2";
			};
			name = Debug;
		};
		811406852CE1A6FD00AC1F5C /* Release */ = {
			isa = XCBuildConfiguration;
			buildSettings = {
				ASSETCATALOG_COMPILER_APPICON_NAME = AppIcon;
				ASSETCATALOG_COMPILER_GLOBAL_ACCENT_COLOR_NAME = AccentColor;
				CODE_SIGN_STYLE = Automatic;
				CURRENT_PROJECT_VERSION = 1;
				DEVELOPMENT_ASSET_PATHS = "\"VoiceMemo/Preview Content\"";
				DEVELOPMENT_TEAM = R4CCBJCS4M;
				ENABLE_PREVIEWS = YES;
				GENERATE_INFOPLIST_FILE = YES;
				INFOPLIST_KEY_UIApplicationSceneManifest_Generation = YES;
				INFOPLIST_KEY_UIApplicationSupportsIndirectInputEvents = YES;
				INFOPLIST_KEY_UILaunchScreen_Generation = YES;
				INFOPLIST_KEY_UISupportedInterfaceOrientations_iPad = "UIInterfaceOrientationPortrait UIInterfaceOrientationPortraitUpsideDown UIInterfaceOrientationLandscapeLeft UIInterfaceOrientationLandscapeRight";
				INFOPLIST_KEY_UISupportedInterfaceOrientations_iPhone = "UIInterfaceOrientationPortrait UIInterfaceOrientationLandscapeLeft UIInterfaceOrientationLandscapeRight";
				LD_RUNPATH_SEARCH_PATHS = (
					"$(inherited)",
					"@executable_path/Frameworks",
				);
				MARKETING_VERSION = 1.0;
				PRODUCT_BUNDLE_IDENTIFIER = com.betteriphone.VoiceMemo;
				PRODUCT_NAME = "$(TARGET_NAME)";
				SWIFT_EMIT_LOC_STRINGS = YES;
				SWIFT_VERSION = 5.0;
				TARGETED_DEVICE_FAMILY = "1,2";
			};
			name = Release;
		};
		811406872CE1A6FD00AC1F5C /* Debug */ = {
			isa = XCBuildConfiguration;
			buildSettings = {
				BUNDLE_LOADER = "$(TEST_HOST)";
				CODE_SIGN_STYLE = Automatic;
				CURRENT_PROJECT_VERSION = 1;
				DEVELOPMENT_TEAM = R4CCBJCS4M;
				GENERATE_INFOPLIST_FILE = YES;
				IPHONEOS_DEPLOYMENT_TARGET = 18.1;
				MARKETING_VERSION = 1.0;
				PRODUCT_BUNDLE_IDENTIFIER = com.betteriphone.VoiceMemoTests;
				PRODUCT_NAME = "$(TARGET_NAME)";
				SWIFT_EMIT_LOC_STRINGS = NO;
				SWIFT_VERSION = 5.0;
				TARGETED_DEVICE_FAMILY = "1,2";
				TEST_HOST = "$(BUILT_PRODUCTS_DIR)/VoiceMemo.app/$(BUNDLE_EXECUTABLE_FOLDER_PATH)/VoiceMemo";
			};
			name = Debug;
		};
		811406882CE1A6FD00AC1F5C /* Release */ = {
			isa = XCBuildConfiguration;
			buildSettings = {
				BUNDLE_LOADER = "$(TEST_HOST)";
				CODE_SIGN_STYLE = Automatic;
				CURRENT_PROJECT_VERSION = 1;
				DEVELOPMENT_TEAM = R4CCBJCS4M;
				GENERATE_INFOPLIST_FILE = YES;
				IPHONEOS_DEPLOYMENT_TARGET = 18.1;
				MARKETING_VERSION = 1.0;
				PRODUCT_BUNDLE_IDENTIFIER = com.betteriphone.VoiceMemoTests;
				PRODUCT_NAME = "$(TARGET_NAME)";
				SWIFT_EMIT_LOC_STRINGS = NO;
				SWIFT_VERSION = 5.0;
				TARGETED_DEVICE_FAMILY = "1,2";
				TEST_HOST = "$(BUILT_PRODUCTS_DIR)/VoiceMemo.app/$(BUNDLE_EXECUTABLE_FOLDER_PATH)/VoiceMemo";
			};
			name = Release;
		};
		8114068A2CE1A6FD00AC1F5C /* Debug */ = {
			isa = XCBuildConfiguration;
			buildSettings = {
				CODE_SIGN_STYLE = Automatic;
				CURRENT_PROJECT_VERSION = 1;
				DEVELOPMENT_TEAM = R4CCBJCS4M;
				GENERATE_INFOPLIST_FILE = YES;
				MARKETING_VERSION = 1.0;
				PRODUCT_BUNDLE_IDENTIFIER = com.betteriphone.VoiceMemoUITests;
				PRODUCT_NAME = "$(TARGET_NAME)";
				SWIFT_EMIT_LOC_STRINGS = NO;
				SWIFT_VERSION = 5.0;
				TARGETED_DEVICE_FAMILY = "1,2";
				TEST_TARGET_NAME = VoiceMemo;
			};
			name = Debug;
		};
		8114068B2CE1A6FD00AC1F5C /* Release */ = {
			isa = XCBuildConfiguration;
			buildSettings = {
				CODE_SIGN_STYLE = Automatic;
				CURRENT_PROJECT_VERSION = 1;
				DEVELOPMENT_TEAM = R4CCBJCS4M;
				GENERATE_INFOPLIST_FILE = YES;
				MARKETING_VERSION = 1.0;
				PRODUCT_BUNDLE_IDENTIFIER = com.betteriphone.VoiceMemoUITests;
				PRODUCT_NAME = "$(TARGET_NAME)";
				SWIFT_EMIT_LOC_STRINGS = NO;
				SWIFT_VERSION = 5.0;
				TARGETED_DEVICE_FAMILY = "1,2";
				TEST_TARGET_NAME = VoiceMemo;
			};
			name = Release;
		};
/* End XCBuildConfiguration section */

/* Begin XCConfigurationList section */
		8114065A2CE1A6FB00AC1F5C /* Build configuration list for PBXProject "VoiceMemo" */ = {
			isa = XCConfigurationList;
			buildConfigurations = (
				811406812CE1A6FD00AC1F5C /* Debug */,
				811406822CE1A6FD00AC1F5C /* Release */,
			);
			defaultConfigurationIsVisible = 0;
			defaultConfigurationName = Release;
		};
		811406832CE1A6FD00AC1F5C /* Build configuration list for PBXNativeTarget "VoiceMemo" */ = {
			isa = XCConfigurationList;
			buildConfigurations = (
				811406842CE1A6FD00AC1F5C /* Debug */,
				811406852CE1A6FD00AC1F5C /* Release */,
			);
			defaultConfigurationIsVisible = 0;
			defaultConfigurationName = Release;
		};
		811406862CE1A6FD00AC1F5C /* Build configuration list for PBXNativeTarget "VoiceMemoTests" */ = {
			isa = XCConfigurationList;
			buildConfigurations = (
				811406872CE1A6FD00AC1F5C /* Debug */,
				811406882CE1A6FD00AC1F5C /* Release */,
			);
			defaultConfigurationIsVisible = 0;
			defaultConfigurationName = Release;
		};
		811406892CE1A6FD00AC1F5C /* Build configuration list for PBXNativeTarget "VoiceMemoUITests" */ = {
			isa = XCConfigurationList;
			buildConfigurations = (
				8114068A2CE1A6FD00AC1F5C /* Debug */,
				8114068B2CE1A6FD00AC1F5C /* Release */,
			);
			defaultConfigurationIsVisible = 0;
			defaultConfigurationName = Release;
		};
/* End XCConfigurationList section */
	};
	rootObject = 811406572CE1A6FB00AC1F5C /* Project object */;
}
